
Microsoft Visual Studio Solution File, Format Version 12.00
# Visual Studio Version 17
VisualStudioVersion = 17.14.36121.58 d17.14
MinimumVisualStudioVersion = 10.0.40219.1
Project("{FAE04EC0-301F-11D3-BF4B-00C04F79EFBC}") = "AVAYardWeb", "AVAYardWeb\AVAYardWeb.csproj", "{26482319-2933-4F00-97AA-4B2394C30469}"
EndProject
Global
	GlobalSection(SolutionConfigurationPlatforms) = preSolution
		Debug|Any CPU = Debug|Any CPU
		Release|Any CPU = Release|Any CPU
	EndGlobalSection
	GlobalSection(ProjectConfigurationPlatforms) = postSolution
		{26482319-2933-4F00-97AA-4B2394C30469}.Debug|Any CPU.ActiveCfg = Debug|Any CPU
		{26482319-2933-4F00-97AA-4B2394C30469}.Debug|Any CPU.Build.0 = Debug|Any CPU
		{26482319-2933-4F00-97AA-4B2394C30469}.Release|Any CPU.ActiveCfg = Release|Any CPU
		{26482319-2933-4F00-97AA-4B2394C30469}.Release|Any CPU.Build.0 = Release|Any CPU
	EndGlobalSection
	GlobalSection(SolutionProperties) = preSolution
		HideSolutionNode = FALSE
	EndGlobalSection
	GlobalSection(ExtensibilityGlobals) = postSolution
		SolutionGuid = {84583D24-ABFC-4CE0-BB42-6FE45DF7092D}
	EndGlobalSection
EndGlobal
